
Microsoft Visual Studio Solution File, Format Version 12.00
# Visual Studio Version 16
VisualStudioVersion = 16.0.31911.196
MinimumVisualStudioVersion = 10.0.40219.1
Project("{FAE04EC0-301F-11D3-BF4B-00C04F79EFBC}") = "WpfApp1", "WpfApp1\WpfApp1.csproj", "{230A40E4-6FFE-4BF0-A373-384E6F83F7D2}"
EndProject
Global
	GlobalSection(SolutionConfigurationPlatforms) = preSolution
		Debug|Any CPU = Debug|Any CPU
		Release|Any CPU = Release|Any CPU
	EndGlobalSection
	GlobalSection(ProjectConfigurationPlatforms) = postSolution
		{230A40E4-6FFE-4BF0-A373-384E6F83F7D2}.Debug|Any CPU.ActiveCfg = Debug|Any CPU
		{230A40E4-6FFE-4BF0-A373-384E6F83F7D2}.Debug|Any CPU.Build.0 = Debug|Any CPU
		{230A40E4-6FFE-4BF0-A373-384E6F83F7D2}.Release|Any CPU.ActiveCfg = Release|Any CPU
		{230A40E4-6FFE-4BF0-A373-384E6F83F7D2}.Release|Any CPU.Build.0 = Release|Any CPU
	EndGlobalSection
	GlobalSection(SolutionProperties) = preSolution
		HideSolutionNode = FALSE
	EndGlobalSection
	GlobalSection(ExtensibilityGlobals) = postSolution
		SolutionGuid = {9040E594-D66B-4E92-B439-66288722318D}
	EndGlobalSection
EndGlobal
